
Microsoft Visual Studio Solution File, Format Version 12.00
Project("{FAE04EC0-301F-11D3-BF4B-00C04F79EFBC}") = "01HelloSoftUni", "01HelloSoftUni\01HelloSoftUni.csproj", "{DEF32BD0-1ABA-419A-B5FB-8979301F311C}"
EndProject
Project("{FAE04EC0-301F-11D3-BF4B-00C04F79EFBC}") = "02Nums1to10", "02Nums1to10\02Nums1to10.csproj", "{F0A61D34-F551-495B-8C01-A4BD57E003FB}"
EndProject
Project("{FAE04EC0-301F-11D3-BF4B-00C04F79EFBC}") = "03RectangleArea", "03RectangleArea\03RectangleArea.csproj", "{2F16A042-5A82-4CD8-A213-7EC9E5BAF67D}"
EndProject
Project("{FAE04EC0-301F-11D3-BF4B-00C04F79EFBC}") = "04InchesToCentimeters", "04InchesToCentimeters\04InchesToCentimeters.csproj", "{8D31AAC2-6B44-40BA-8A74-A5A56C2519F2}"
EndProject
Global
	GlobalSection(SolutionConfigurationPlatforms) = preSolution
		Debug|Any CPU = Debug|Any CPU
		Release|Any CPU = Release|Any CPU
	EndGlobalSection
	GlobalSection(ProjectConfigurationPlatforms) = postSolution
		{DEF32BD0-1ABA-419A-B5FB-8979301F311C}.Debug|Any CPU.ActiveCfg = Debug|Any CPU
		{DEF32BD0-1ABA-419A-B5FB-8979301F311C}.Debug|Any CPU.Build.0 = Debug|Any CPU
		{DEF32BD0-1ABA-419A-B5FB-8979301F311C}.Release|Any CPU.ActiveCfg = Release|Any CPU
		{DEF32BD0-1ABA-419A-B5FB-8979301F311C}.Release|Any CPU.Build.0 = Release|Any CPU
		{F0A61D34-F551-495B-8C01-A4BD57E003FB}.Debug|Any CPU.ActiveCfg = Debug|Any CPU
		{F0A61D34-F551-495B-8C01-A4BD57E003FB}.Debug|Any CPU.Build.0 = Debug|Any CPU
		{F0A61D34-F551-495B-8C01-A4BD57E003FB}.Release|Any CPU.ActiveCfg = Release|Any CPU
		{F0A61D34-F551-495B-8C01-A4BD57E003FB}.Release|Any CPU.Build.0 = Release|Any CPU
		{2F16A042-5A82-4CD8-A213-7EC9E5BAF67D}.Debug|Any CPU.ActiveCfg = Debug|Any CPU
		{2F16A042-5A82-4CD8-A213-7EC9E5BAF67D}.Debug|Any CPU.Build.0 = Debug|Any CPU
		{2F16A042-5A82-4CD8-A213-7EC9E5BAF67D}.Release|Any CPU.ActiveCfg = Release|Any CPU
		{2F16A042-5A82-4CD8-A213-7EC9E5BAF67D}.Release|Any CPU.Build.0 = Release|Any CPU
		{8D31AAC2-6B44-40BA-8A74-A5A56C2519F2}.Debug|Any CPU.ActiveCfg = Debug|Any CPU
		{8D31AAC2-6B44-40BA-8A74-A5A56C2519F2}.Debug|Any CPU.Build.0 = Debug|Any CPU
		{8D31AAC2-6B44-40BA-8A74-A5A56C2519F2}.Release|Any CPU.ActiveCfg = Release|Any CPU
		{8D31AAC2-6B44-40BA-8A74-A5A56C2519F2}.Release|Any CPU.Build.0 = Release|Any CPU
	EndGlobalSection
EndGlobal
